
Microsoft Visual Studio Solution File, Format Version 12.00
# Visual Studio 14
VisualStudioVersion = 14.0.25123.0
MinimumVisualStudioVersion = 10.0.40219.1
Project("{FAE04EC0-301F-11D3-BF4B-00C04F79EFBC}") = "entrep.nutshell.tests", "entrep.nutshell.tests\entrep.nutshell.tests.csproj", "{1FE90927-7982-4ED2-A97E-6F31872437DD}"
EndProject
Project("{FAE04EC0-301F-11D3-BF4B-00C04F79EFBC}") = "entrep.mvvm.prism", "entrep.mvvm.prism\entrep.mvvm.prism.csproj", "{018FAFF2-43B8-43CA-982D-9046AED6D740}"
EndProject
Project("{FAE04EC0-301F-11D3-BF4B-00C04F79EFBC}") = "entrep.wcf.service.lib", "entrep.wcf.service.lib\entrep.wcf.service.lib.csproj", "{4D5A4F4F-09D5-46D7-AEC4-67FBBE004C63}"
EndProject
Project("{FAE04EC0-301F-11D3-BF4B-00C04F79EFBC}") = "GettingStartedHost", "GettingStartedHost\GettingStartedHost.csproj", "{F0CBA562-BDB6-474A-A781-63A60BA1AE5C}"
EndProject
Project("{FAE04EC0-301F-11D3-BF4B-00C04F79EFBC}") = "GettingStartedClient", "GettingStartedClient\GettingStartedClient.csproj", "{F9923EB3-4434-4CBE-BFF8-1478E8A6900B}"
EndProject
Global
	GlobalSection(SolutionConfigurationPlatforms) = preSolution
		Debug|Any CPU = Debug|Any CPU
		Debug|ARM = Debug|ARM
		Debug|x64 = Debug|x64
		Debug|x86 = Debug|x86
		Release|Any CPU = Release|Any CPU
		Release|ARM = Release|ARM
		Release|x64 = Release|x64
		Release|x86 = Release|x86
	EndGlobalSection
	GlobalSection(ProjectConfigurationPlatforms) = postSolution
		{1FE90927-7982-4ED2-A97E-6F31872437DD}.Debug|Any CPU.ActiveCfg = Debug|Any CPU
		{1FE90927-7982-4ED2-A97E-6F31872437DD}.Debug|Any CPU.Build.0 = Debug|Any CPU
		{1FE90927-7982-4ED2-A97E-6F31872437DD}.Debug|ARM.ActiveCfg = Debug|Any CPU
		{1FE90927-7982-4ED2-A97E-6F31872437DD}.Debug|ARM.Build.0 = Debug|Any CPU
		{1FE90927-7982-4ED2-A97E-6F31872437DD}.Debug|x64.ActiveCfg = Debug|Any CPU
		{1FE90927-7982-4ED2-A97E-6F31872437DD}.Debug|x64.Build.0 = Debug|Any CPU
		{1FE90927-7982-4ED2-A97E-6F31872437DD}.Debug|x86.ActiveCfg = Debug|Any CPU
		{1FE90927-7982-4ED2-A97E-6F31872437DD}.Debug|x86.Build.0 = Debug|Any CPU
		{1FE90927-7982-4ED2-A97E-6F31872437DD}.Release|Any CPU.ActiveCfg = Release|Any CPU
		{1FE90927-7982-4ED2-A97E-6F31872437DD}.Release|Any CPU.Build.0 = Release|Any CPU
		{1FE90927-7982-4ED2-A97E-6F31872437DD}.Release|ARM.ActiveCfg = Release|Any CPU
		{1FE90927-7982-4ED2-A97E-6F31872437DD}.Release|ARM.Build.0 = Release|Any CPU
		{1FE90927-7982-4ED2-A97E-6F31872437DD}.Release|x64.ActiveCfg = Release|Any CPU
		{1FE90927-7982-4ED2-A97E-6F31872437DD}.Release|x64.Build.0 = Release|Any CPU
		{1FE90927-7982-4ED2-A97E-6F31872437DD}.Release|x86.ActiveCfg = Release|Any CPU
		{1FE90927-7982-4ED2-A97E-6F31872437DD}.Release|x86.Build.0 = Release|Any CPU
		{018FAFF2-43B8-43CA-982D-9046AED6D740}.Debug|Any CPU.ActiveCfg = Debug|Any CPU
		{018FAFF2-43B8-43CA-982D-9046AED6D740}.Debug|Any CPU.Build.0 = Debug|Any CPU
		{018FAFF2-43B8-43CA-982D-9046AED6D740}.Debug|ARM.ActiveCfg = Debug|Any CPU
		{018FAFF2-43B8-43CA-982D-9046AED6D740}.Debug|ARM.Build.0 = Debug|Any CPU
		{018FAFF2-43B8-43CA-982D-9046AED6D740}.Debug|x64.ActiveCfg = Debug|Any CPU
		{018FAFF2-43B8-43CA-982D-9046AED6D740}.Debug|x64.Build.0 = Debug|Any CPU
		{018FAFF2-43B8-43CA-982D-9046AED6D740}.Debug|x86.ActiveCfg = Debug|Any CPU
		{018FAFF2-43B8-43CA-982D-9046AED6D740}.Debug|x86.Build.0 = Debug|Any CPU
		{018FAFF2-43B8-43CA-982D-9046AED6D740}.Release|Any CPU.ActiveCfg = Release|Any CPU
		{018FAFF2-43B8-43CA-982D-9046AED6D740}.Release|Any CPU.Build.0 = Release|Any CPU
		{018FAFF2-43B8-43CA-982D-9046AED6D740}.Release|ARM.ActiveCfg = Release|Any CPU
		{018FAFF2-43B8-43CA-982D-9046AED6D740}.Release|ARM.Build.0 = Release|Any CPU
		{018FAFF2-43B8-43CA-982D-9046AED6D740}.Release|x64.ActiveCfg = Release|Any CPU
		{018FAFF2-43B8-43CA-982D-9046AED6D740}.Release|x64.Build.0 = Release|Any CPU
		{018FAFF2-43B8-43CA-982D-9046AED6D740}.Release|x86.ActiveCfg = Release|Any CPU
		{018FAFF2-43B8-43CA-982D-9046AED6D740}.Release|x86.Build.0 = Release|Any CPU
		{4D5A4F4F-09D5-46D7-AEC4-67FBBE004C63}.Debug|Any CPU.ActiveCfg = Debug|Any CPU
		{4D5A4F4F-09D5-46D7-AEC4-67FBBE004C63}.Debug|Any CPU.Build.0 = Debug|Any CPU
		{4D5A4F4F-09D5-46D7-AEC4-67FBBE004C63}.Debug|ARM.ActiveCfg = Debug|Any CPU
		{4D5A4F4F-09D5-46D7-AEC4-67FBBE004C63}.Debug|ARM.Build.0 = Debug|Any CPU
		{4D5A4F4F-09D5-46D7-AEC4-67FBBE004C63}.Debug|x64.ActiveCfg = Debug|Any CPU
		{4D5A4F4F-09D5-46D7-AEC4-67FBBE004C63}.Debug|x64.Build.0 = Debug|Any CPU
		{4D5A4F4F-09D5-46D7-AEC4-67FBBE004C63}.Debug|x86.ActiveCfg = Debug|Any CPU
		{4D5A4F4F-09D5-46D7-AEC4-67FBBE004C63}.Debug|x86.Build.0 = Debug|Any CPU
		{4D5A4F4F-09D5-46D7-AEC4-67FBBE004C63}.Release|Any CPU.ActiveCfg = Release|Any CPU
		{4D5A4F4F-09D5-46D7-AEC4-67FBBE004C63}.Release|Any CPU.Build.0 = Release|Any CPU
		{4D5A4F4F-09D5-46D7-AEC4-67FBBE004C63}.Release|ARM.ActiveCfg = Release|Any CPU
		{4D5A4F4F-09D5-46D7-AEC4-67FBBE004C63}.Release|ARM.Build.0 = Release|Any CPU
		{4D5A4F4F-09D5-46D7-AEC4-67FBBE004C63}.Release|x64.ActiveCfg = Release|Any CPU
		{4D5A4F4F-09D5-46D7-AEC4-67FBBE004C63}.Release|x64.Build.0 = Release|Any CPU
		{4D5A4F4F-09D5-46D7-AEC4-67FBBE004C63}.Release|x86.ActiveCfg = Release|Any CPU
		{4D5A4F4F-09D5-46D7-AEC4-67FBBE004C63}.Release|x86.Build.0 = Release|Any CPU
		{F0CBA562-BDB6-474A-A781-63A60BA1AE5C}.Debug|Any CPU.ActiveCfg = Debug|Any CPU
		{F0CBA562-BDB6-474A-A781-63A60BA1AE5C}.Debug|Any CPU.Build.0 = Debug|Any CPU
		{F0CBA562-BDB6-474A-A781-63A60BA1AE5C}.Debug|ARM.ActiveCfg = Debug|Any CPU
		{F0CBA562-BDB6-474A-A781-63A60BA1AE5C}.Debug|ARM.Build.0 = Debug|Any CPU
		{F0CBA562-BDB6-474A-A781-63A60BA1AE5C}.Debug|x64.ActiveCfg = Debug|Any CPU
		{F0CBA562-BDB6-474A-A781-63A60BA1AE5C}.Debug|x64.Build.0 = Debug|Any CPU
		{F0CBA562-BDB6-474A-A781-63A60BA1AE5C}.Debug|x86.ActiveCfg = Debug|Any CPU
		{F0CBA562-BDB6-474A-A781-63A60BA1AE5C}.Debug|x86.Build.0 = Debug|Any CPU
		{F0CBA562-BDB6-474A-A781-63A60BA1AE5C}.Release|Any CPU.ActiveCfg = Release|Any CPU
		{F0CBA562-BDB6-474A-A781-63A60BA1AE5C}.Release|Any CPU.Build.0 = Release|Any CPU
		{F0CBA562-BDB6-474A-A781-63A60BA1AE5C}.Release|ARM.ActiveCfg = Release|Any CPU
		{F0CBA562-BDB6-474A-A781-63A60BA1AE5C}.Release|ARM.Build.0 = Release|Any CPU
		{F0CBA562-BDB6-474A-A781-63A60BA1AE5C}.Release|x64.ActiveCfg = Release|Any CPU
		{F0CBA562-BDB6-474A-A781-63A60BA1AE5C}.Release|x64.Build.0 = Release|Any CPU
		{F0CBA562-BDB6-474A-A781-63A60BA1AE5C}.Release|x86.ActiveCfg = Release|Any CPU
		{F0CBA562-BDB6-474A-A781-63A60BA1AE5C}.Release|x86.Build.0 = Release|Any CPU
		{F9923EB3-4434-4CBE-BFF8-1478E8A6900B}.Debug|Any CPU.ActiveCfg = Debug|Any CPU
		{F9923EB3-4434-4CBE-BFF8-1478E8A6900B}.Debug|Any CPU.Build.0 = Debug|Any CPU
		{F9923EB3-4434-4CBE-BFF8-1478E8A6900B}.Debug|ARM.ActiveCfg = Debug|Any CPU
		{F9923EB3-4434-4CBE-BFF8-1478E8A6900B}.Debug|ARM.Build.0 = Debug|Any CPU
		{F9923EB3-4434-4CBE-BFF8-1478E8A6900B}.Debug|x64.ActiveCfg = Debug|Any CPU
		{F9923EB3-4434-4CBE-BFF8-1478E8A6900B}.Debug|x64.Build.0 = Debug|Any CPU
		{F9923EB3-4434-4CBE-BFF8-1478E8A6900B}.Debug|x86.ActiveCfg = Debug|Any CPU
		{F9923EB3-4434-4CBE-BFF8-1478E8A6900B}.Debug|x86.Build.0 = Debug|Any CPU
		{F9923EB3-4434-4CBE-BFF8-1478E8A6900B}.Release|Any CPU.ActiveCfg = Release|Any CPU
		{F9923EB3-4434-4CBE-BFF8-1478E8A6900B}.Release|Any CPU.Build.0 = Release|Any CPU
		{F9923EB3-4434-4CBE-BFF8-1478E8A6900B}.Release|ARM.ActiveCfg = Release|Any CPU
		{F9923EB3-4434-4CBE-BFF8-1478E8A6900B}.Release|ARM.Build.0 = Release|Any CPU
		{F9923EB3-4434-4CBE-BFF8-1478E8A6900B}.Release|x64.ActiveCfg = Release|Any CPU
		{F9923EB3-4434-4CBE-BFF8-1478E8A6900B}.Release|x64.Build.0 = Release|Any CPU
		{F9923EB3-4434-4CBE-BFF8-1478E8A6900B}.Release|x86.ActiveCfg = Release|Any CPU
		{F9923EB3-4434-4CBE-BFF8-1478E8A6900B}.Release|x86.Build.0 = Release|Any CPU
	EndGlobalSection
	GlobalSection(SolutionProperties) = preSolution
		HideSolutionNode = FALSE
	EndGlobalSection
EndGlobal
