
Microsoft Visual Studio Solution File, Format Version 12.00
# Visual Studio 14
VisualStudioVersion = 14.0.25123.0
MinimumVisualStudioVersion = 10.0.40219.1
Project("{FAE04EC0-301F-11D3-BF4B-00C04F79EFBC}") = "entrep.nutshell.tests", "entrep.nutshell.tests\entrep.nutshell.tests.csproj", "{1FE90927-7982-4ED2-A97E-6F31872437DD}"
EndProject
Project("{FAE04EC0-301F-11D3-BF4B-00C04F79EFBC}") = "entrep.mvvm.prism", "entrep.mvvm.prism\entrep.mvvm.prism.csproj", "{018FAFF2-43B8-43CA-982D-9046AED6D740}"
EndProject
Project("{FAE04EC0-301F-11D3-BF4B-00C04F79EFBC}") = "entrep.nutshell.apps", "entrep.nutshell.apps\entrep.nutshell.apps.csproj", "{BA351937-54AD-4606-A5B3-152F448D967B}"
EndProject
Global
	GlobalSection(SolutionConfigurationPlatforms) = preSolution
		Debug|Any CPU = Debug|Any CPU
		Debug|ARM = Debug|ARM
		Debug|x64 = Debug|x64
		Debug|x86 = Debug|x86
		Release|Any CPU = Release|Any CPU
		Release|ARM = Release|ARM
		Release|x64 = Release|x64
		Release|x86 = Release|x86
	EndGlobalSection
	GlobalSection(ProjectConfigurationPlatforms) = postSolution
		{1FE90927-7982-4ED2-A97E-6F31872437DD}.Debug|Any CPU.ActiveCfg = Debug|Any CPU
		{1FE90927-7982-4ED2-A97E-6F31872437DD}.Debug|Any CPU.Build.0 = Debug|Any CPU
		{1FE90927-7982-4ED2-A97E-6F31872437DD}.Debug|ARM.ActiveCfg = Debug|Any CPU
		{1FE90927-7982-4ED2-A97E-6F31872437DD}.Debug|ARM.Build.0 = Debug|Any CPU
		{1FE90927-7982-4ED2-A97E-6F31872437DD}.Debug|x64.ActiveCfg = Debug|Any CPU
		{1FE90927-7982-4ED2-A97E-6F31872437DD}.Debug|x64.Build.0 = Debug|Any CPU
		{1FE90927-7982-4ED2-A97E-6F31872437DD}.Debug|x86.ActiveCfg = Debug|Any CPU
		{1FE90927-7982-4ED2-A97E-6F31872437DD}.Debug|x86.Build.0 = Debug|Any CPU
		{1FE90927-7982-4ED2-A97E-6F31872437DD}.Release|Any CPU.ActiveCfg = Release|Any CPU
		{1FE90927-7982-4ED2-A97E-6F31872437DD}.Release|Any CPU.Build.0 = Release|Any CPU
		{1FE90927-7982-4ED2-A97E-6F31872437DD}.Release|ARM.ActiveCfg = Release|Any CPU
		{1FE90927-7982-4ED2-A97E-6F31872437DD}.Release|ARM.Build.0 = Release|Any CPU
		{1FE90927-7982-4ED2-A97E-6F31872437DD}.Release|x64.ActiveCfg = Release|Any CPU
		{1FE90927-7982-4ED2-A97E-6F31872437DD}.Release|x64.Build.0 = Release|Any CPU
		{1FE90927-7982-4ED2-A97E-6F31872437DD}.Release|x86.ActiveCfg = Release|Any CPU
		{1FE90927-7982-4ED2-A97E-6F31872437DD}.Release|x86.Build.0 = Release|Any CPU
		{018FAFF2-43B8-43CA-982D-9046AED6D740}.Debug|Any CPU.ActiveCfg = Debug|Any CPU
		{018FAFF2-43B8-43CA-982D-9046AED6D740}.Debug|Any CPU.Build.0 = Debug|Any CPU
		{018FAFF2-43B8-43CA-982D-9046AED6D740}.Debug|ARM.ActiveCfg = Debug|Any CPU
		{018FAFF2-43B8-43CA-982D-9046AED6D740}.Debug|ARM.Build.0 = Debug|Any CPU
		{018FAFF2-43B8-43CA-982D-9046AED6D740}.Debug|x64.ActiveCfg = Debug|Any CPU
		{018FAFF2-43B8-43CA-982D-9046AED6D740}.Debug|x64.Build.0 = Debug|Any CPU
		{018FAFF2-43B8-43CA-982D-9046AED6D740}.Debug|x86.ActiveCfg = Debug|Any CPU
		{018FAFF2-43B8-43CA-982D-9046AED6D740}.Debug|x86.Build.0 = Debug|Any CPU
		{018FAFF2-43B8-43CA-982D-9046AED6D740}.Release|Any CPU.ActiveCfg = Release|Any CPU
		{018FAFF2-43B8-43CA-982D-9046AED6D740}.Release|Any CPU.Build.0 = Release|Any CPU
		{018FAFF2-43B8-43CA-982D-9046AED6D740}.Release|ARM.ActiveCfg = Release|Any CPU
		{018FAFF2-43B8-43CA-982D-9046AED6D740}.Release|ARM.Build.0 = Release|Any CPU
		{018FAFF2-43B8-43CA-982D-9046AED6D740}.Release|x64.ActiveCfg = Release|Any CPU
		{018FAFF2-43B8-43CA-982D-9046AED6D740}.Release|x64.Build.0 = Release|Any CPU
		{018FAFF2-43B8-43CA-982D-9046AED6D740}.Release|x86.ActiveCfg = Release|Any CPU
		{018FAFF2-43B8-43CA-982D-9046AED6D740}.Release|x86.Build.0 = Release|Any CPU
		{BA351937-54AD-4606-A5B3-152F448D967B}.Debug|Any CPU.ActiveCfg = Debug|Any CPU
		{BA351937-54AD-4606-A5B3-152F448D967B}.Debug|Any CPU.Build.0 = Debug|Any CPU
		{BA351937-54AD-4606-A5B3-152F448D967B}.Debug|ARM.ActiveCfg = Debug|Any CPU
		{BA351937-54AD-4606-A5B3-152F448D967B}.Debug|ARM.Build.0 = Debug|Any CPU
		{BA351937-54AD-4606-A5B3-152F448D967B}.Debug|x64.ActiveCfg = Debug|Any CPU
		{BA351937-54AD-4606-A5B3-152F448D967B}.Debug|x64.Build.0 = Debug|Any CPU
		{BA351937-54AD-4606-A5B3-152F448D967B}.Debug|x86.ActiveCfg = Debug|Any CPU
		{BA351937-54AD-4606-A5B3-152F448D967B}.Debug|x86.Build.0 = Debug|Any CPU
		{BA351937-54AD-4606-A5B3-152F448D967B}.Release|Any CPU.ActiveCfg = Release|Any CPU
		{BA351937-54AD-4606-A5B3-152F448D967B}.Release|Any CPU.Build.0 = Release|Any CPU
		{BA351937-54AD-4606-A5B3-152F448D967B}.Release|ARM.ActiveCfg = Release|Any CPU
		{BA351937-54AD-4606-A5B3-152F448D967B}.Release|ARM.Build.0 = Release|Any CPU
		{BA351937-54AD-4606-A5B3-152F448D967B}.Release|x64.ActiveCfg = Release|Any CPU
		{BA351937-54AD-4606-A5B3-152F448D967B}.Release|x64.Build.0 = Release|Any CPU
		{BA351937-54AD-4606-A5B3-152F448D967B}.Release|x86.ActiveCfg = Release|Any CPU
		{BA351937-54AD-4606-A5B3-152F448D967B}.Release|x86.Build.0 = Release|Any CPU
	EndGlobalSection
	GlobalSection(SolutionProperties) = preSolution
		HideSolutionNode = FALSE
	EndGlobalSection
EndGlobal
